{
  "lockfile_version": "1",
  "packages": {
    "asdf@latest": {
      "last_modified": "2025-06-20T02:24:11Z",
      "resolved": "github:NixOS/nixpkgs/076e8c6678d8c54204abcb4b1b14c366835a58bb#asdf",
      "source": "devbox-search",
      "version": "3.3.4",
      "systems": {
        "aarch64-darwin": {
          "outputs": [
            {
              "name": "out",
              "path": "/nix/store/jhkmxvcysn5m20aiv6lpmk70vsvi7szi-asdf-3.3.4",
              "default": true
            }
          ],
          "store_path": "/nix/store/jhkmxvcysn5m20aiv6lpmk70vsvi7szi-asdf-3.3.4"
        },
        "aarch64-linux": {
          "outputs": [
            {
              "name": "out",
              "path": "/nix/store/ylic8dnkjjvhxgcks5y94am3hmn9dxlh-asdf-3.3.4",
              "default": true
            }
          ],
          "store_path": "/nix/store/ylic8dnkjjvhxgcks5y94am3hmn9dxlh-asdf-3.3.4"
        },
        "x86_64-darwin": {
          "outputs": [
            {
              "name": "out",
              "path": "/nix/store/xcjryx3qs579cfzf2pp6310jfna3fzx6-asdf-3.3.4",
              "default": true
            }
          ],
          "store_path": "/nix/store/xcjryx3qs579cfzf2pp6310jfna3fzx6-asdf-3.3.4"
        },
        "x86_64-linux": {
          "outputs": [
            {
              "name": "out",
              "path": "/nix/store/lmkn540gaqrkxgraybimsl9yir1axlli-asdf-3.3.4",
              "default": true
            }
          ],
          "store_path": "/nix/store/lmkn540gaqrkxgraybimsl9yir1axlli-asdf-3.3.4"
        }
      }
    },
    "atuin@latest": {
      "last_modified": "2025-06-20T02:24:11Z",
      "resolved": "github:NixOS/nixpkgs/076e8c6678d8c54204abcb4b1b14c366835a58bb#atuin",
      "source": "devbox-search",
      "version": "18.6.1",
      "systems": {
        "aarch64-darwin": {
          "outputs": [
            {
              "name": "out",
              "path": "/nix/store/zdfh94qqm1grb64hxcplwmvpwns74rdd-atuin-18.6.1",
              "default": true
            }
          ],
          "store_path": "/nix/store/zdfh94qqm1grb64hxcplwmvpwns74rdd-atuin-18.6.1"
        },
        "aarch64-linux": {
          "outputs": [
            {
              "name": "out",
              "path": "/nix/store/fnv1hv5kwrwc111qyyig5gq0nbsgkf8l-atuin-18.6.1",
              "default": true
            }
          ],
          "store_path": "/nix/store/fnv1hv5kwrwc111qyyig5gq0nbsgkf8l-atuin-18.6.1"
        },
        "x86_64-darwin": {
          "outputs": [
            {
              "name": "out",
              "path": "/nix/store/wl7xsghjkjc8pimvnd8s94jwxgs9qyz2-atuin-18.6.1",
              "default": true
            }
          ],
          "store_path": "/nix/store/wl7xsghjkjc8pimvnd8s94jwxgs9qyz2-atuin-18.6.1"
        },
        "x86_64-linux": {
          "outputs": [
            {
              "name": "out",
              "path": "/nix/store/rdrv0mml5pb71d9hf9lwk9ckwdmvic8w-atuin-18.6.1",
              "default": true
            }
          ],
          "store_path": "/nix/store/rdrv0mml5pb71d9hf9lwk9ckwdmvic8w-atuin-18.6.1"
        }
      }
    },
    "autojump@latest": {
      "last_modified": "2025-06-20T02:24:11Z",
      "resolved": "github:NixOS/nixpkgs/076e8c6678d8c54204abcb4b1b14c366835a58bb#autojump",
      "source": "devbox-search",
      "version": "22.5.3",
      "systems": {
        "aarch64-darwin": {
          "outputs": [
            {
              "name": "out",
              "path": "/nix/store/ic54lqkfs26kxj5d4p12jk9wwcj0492l-autojump-22.5.3",
              "default": true
            }
          ],
          "store_path": "/nix/store/ic54lqkfs26kxj5d4p12jk9wwcj0492l-autojump-22.5.3"
        },
        "aarch64-linux": {
          "outputs": [
            {
              "name": "out",
              "path": "/nix/store/v9vrld2azq2b8jfh52g8bsilq4f010zz-autojump-22.5.3",
              "default": true
            }
          ],
          "store_path": "/nix/store/v9vrld2azq2b8jfh52g8bsilq4f010zz-autojump-22.5.3"
        },
        "x86_64-darwin": {
          "outputs": [
            {
              "name": "out",
              "path": "/nix/store/k0z12jlpbkdqwfza8b29zwp1h6if4hh9-autojump-22.5.3",
              "default": true
            }
          ],
          "store_path": "/nix/store/k0z12jlpbkdqwfza8b29zwp1h6if4hh9-autojump-22.5.3"
        },
        "x86_64-linux": {
          "outputs": [
            {
              "name": "out",
              "path": "/nix/store/53dvd7lmdma3yc7s5d24brpikm1r40gp-autojump-22.5.3",
              "default": true
            }
          ],
          "store_path": "/nix/store/53dvd7lmdma3yc7s5d24brpikm1r40gp-autojump-22.5.3"
        }
      }
    },
    "deno@latest": {
      "last_modified": "2025-06-20T02:24:11Z",
      "resolved": "github:NixOS/nixpkgs/076e8c6678d8c54204abcb4b1b14c366835a58bb#deno",
      "source": "devbox-search",
      "version": "2.3.6",
      "systems": {
        "aarch64-darwin": {
          "outputs": [
            {
              "name": "out",
              "path": "/nix/store/ghibh4p7bj7kwkdaz0wfsdai2i707093-deno-2.3.6",
              "default": true
            }
          ],
          "store_path": "/nix/store/ghibh4p7bj7kwkdaz0wfsdai2i707093-deno-2.3.6"
        },
        "aarch64-linux": {
          "outputs": [
            {
              "name": "out",
              "path": "/nix/store/80bcv6cjn6vnhm5y6x6mp1px2alahyfn-deno-2.3.6",
              "default": true
            }
          ],
          "store_path": "/nix/store/80bcv6cjn6vnhm5y6x6mp1px2alahyfn-deno-2.3.6"
        },
        "x86_64-darwin": {
          "outputs": [
            {
              "name": "out",
              "path": "/nix/store/9dzrbdfaf65i3yz5paclg8bliwx5m6vc-deno-2.3.6",
              "default": true
            }
          ],
          "store_path": "/nix/store/9dzrbdfaf65i3yz5paclg8bliwx5m6vc-deno-2.3.6"
        },
        "x86_64-linux": {
          "outputs": [
            {
              "name": "out",
              "path": "/nix/store/g47v9xixy8v2jn0k54df8hx7av885sa0-deno-2.3.6",
              "default": true
            }
          ],
          "store_path": "/nix/store/g47v9xixy8v2jn0k54df8hx7av885sa0-deno-2.3.6"
        }
      }
    },
    "github:NixOS/nixpkgs/nixpkgs-unstable": {
      "last_modified": "2025-06-25T07:32:58Z",
      "resolved": "github:NixOS/nixpkgs/d7bb1922f0bb3d0c990f56f9cdb767fdb20a5f22?lastModified=1750836778&narHash=sha256-sRLyRiC7TezRbbjGJwUFOgb2xMbSr3wQ0oJKfYlQ6s0%3D"
    }
  }
}
